{
  "nodes": {
    "flake-utils": {
      "locked": {
        "lastModified": 1634851050,
        "narHash": "sha256-N83GlSGPJJdcqhUxSCS/WwW5pksYf3VP1M13cDRTSVA=",
        "owner": "numtide",
        "repo": "flake-utils",
        "rev": "c91f3de5adaf1de973b797ef7485e441a65b8935",
        "type": "github"
      },
      "original": {
        "owner": "numtide",
        "repo": "flake-utils",
        "type": "github"
      }
    },
    "naersk": {
      "inputs": {
        "nixpkgs": "nixpkgs"
      },
      "locked": {
        "lastModified": 1636968630,
        "narHash": "sha256-/C8OVV8mo9M9MgQprHo4A5bM9waWMsw6PI4hb4DnGaA=",
        "owner": "nmattia",
        "repo": "naersk",
        "rev": "55c4c0288ea3f115b5dd73af88052c4712994746",
        "type": "github"
      },
      "original": {
        "owner": "nmattia",
        "repo": "naersk",
        "type": "github"
      }
    },
    "nixpkgs": {
      "locked": {
        "lastModified": 1636254356,
        "narHash": "sha256-eBujs6+KrAa0WqYwo/zUmzRohKFBqP52x2EcNw5arwE=",
        "path": "/nix/store/4g24bds0a05p0vj87jzp3v4yy9nywpf2-source",
        "rev": "81d15682625635d93ba66def75fd13fd16c0515b",
        "type": "path"
      },
      "original": {
        "id": "nixpkgs",
        "type": "indirect"
      }
    },
    "nixpkgs_2": {
      "locked": {
        "lastModified": 1636254356,
        "narHash": "sha256-eBujs6+KrAa0WqYwo/zUmzRohKFBqP52x2EcNw5arwE=",
        "path": "/nix/store/4g24bds0a05p0vj87jzp3v4yy9nywpf2-source",
        "rev": "81d15682625635d93ba66def75fd13fd16c0515b",
        "type": "path"
      },
      "original": {
        "id": "nixpkgs",
        "type": "indirect"
      }
    },
    "root": {
      "inputs": {
        "flake-utils": "flake-utils",
        "naersk": "naersk",
        "nixpkgs": "nixpkgs_2"
      }
    }
  },
  "root": "root",
  "version": 7
}
